// !$*UTF8*$!
{
	archiveVersion = 1;
	classes = {
	};
	objectVersion = 50;
	objects = {

/* Begin PBXBuildFile section */
		1611DFB3263ECC41006B49D4 /* LoanCell.swift in Sources */ = {isa = PBXBuildFile; fileRef = 1611DFB2263ECC41006B49D4 /* LoanCell.swift */; };
		1611DFB5263ECF02006B49D4 /* LoanFilter.swift in Sources */ = {isa = PBXBuildFile; fileRef = 1611DFB4263ECF02006B49D4 /* LoanFilter.swift */; };
		166AB4E0263EB8E50010C3C9 /* SwiftUIKivaApp.swift in Sources */ = {isa = PBXBuildFile; fileRef = 166AB4DF263EB8E50010C3C9 /* SwiftUIKivaApp.swift */; };
		166AB4E2263EB8E50010C3C9 /* LoanList.swift in Sources */ = {isa = PBXBuildFile; fileRef = 166AB4E1263EB8E50010C3C9 /* LoanList.swift */; };
		166AB4E4263EB8E80010C3C9 /* Assets.xcassets in Resources */ = {isa = PBXBuildFile; fileRef = 166AB4E3263EB8E80010C3C9 /* Assets.xcassets */; };
		166AB4E7263EB8E80010C3C9 /* Preview Assets.xcassets in Resources */ = {isa = PBXBuildFile; fileRef = 166AB4E6263EB8E80010C3C9 /* Preview Assets.xcassets */; };
		166AB4F1263EB9550010C3C9 /* Loan.swift in Sources */ = {isa = PBXBuildFile; fileRef = 166AB4F0263EB9550010C3C9 /* Loan.swift */; };
		166AB4F3263EBB170010C3C9 /* LoanStore.swift in Sources */ = {isa = PBXBuildFile; fileRef = 166AB4F2263EBB170010C3C9 /* LoanStore.swift */; };
/* End PBXBuildFile section */

/* Begin PBXFileReference section */
		1611DFB2263ECC41006B49D4 /* LoanCell.swift */ = {isa = PBXFileReference; lastKnownFileType = sourcecode.swift; path = LoanCell.swift; sourceTree = "<group>"; };
		1611DFB4263ECF02006B49D4 /* LoanFilter.swift */ = {isa = PBXFileReference; lastKnownFileType = sourcecode.swift; path = LoanFilter.swift; sourceTree = "<group>"; };
		166AB4DC263EB8E50010C3C9 /* SwiftUIKiva.app */ = {isa = PBXFileReference; explicitFileType = wrapper.application; includeInIndex = 0; path = SwiftUIKiva.app; sourceTree = BUILT_PRODUCTS_DIR; };
		166AB4DF263EB8E50010C3C9 /* SwiftUIKivaApp.swift */ = {isa = PBXFileReference; lastKnownFileType = sourcecode.swift; path = SwiftUIKivaApp.swift; sourceTree = "<group>"; };
		166AB4E1263EB8E50010C3C9 /* LoanList.swift */ = {isa = PBXFileReference; lastKnownFileType = sourcecode.swift; path = LoanList.swift; sourceTree = "<group>"; };
		166AB4E3263EB8E80010C3C9 /* Assets.xcassets */ = {isa = PBXFileReference; lastKnownFileType = folder.assetcatalog; path = Assets.xcassets; sourceTree = "<group>"; };
		166AB4E6263EB8E80010C3C9 /* Preview Assets.xcassets */ = {isa = PBXFileReference; lastKnownFileType = folder.assetcatalog; path = "Preview Assets.xcassets"; sourceTree = "<group>"; };
		166AB4E8263EB8E80010C3C9 /* Info.plist */ = {isa = PBXFileReference; lastKnownFileType = text.plist.xml; path = Info.plist; sourceTree = "<group>"; };
		166AB4F0263EB9550010C3C9 /* Loan.swift */ = {isa = PBXFileReference; lastKnownFileType = sourcecode.swift; path = Loan.swift; sourceTree = "<group>"; };
		166AB4F2263EBB170010C3C9 /* LoanStore.swift */ = {isa = PBXFileReference; lastKnownFileType = sourcecode.swift; path = LoanStore.swift; sourceTree = "<group>"; };
/* End PBXFileReference section */

/* Begin PBXFrameworksBuildPhase section */
		166AB4D9263EB8E50010C3C9 /* Frameworks */ = {
			isa = PBXFrameworksBuildPhase;
			buildActionMask = 2147483647;
			files = (
			);
			runOnlyForDeploymentPostprocessing = 0;
		};
/* End PBXFrameworksBuildPhase section */

/* Begin PBXGroup section */
		166AB4D3263EB8E50010C3C9 = {
			isa = PBXGroup;
			children = (
				166AB4DE263EB8E50010C3C9 /* SwiftUIKiva */,
				166AB4DD263EB8E50010C3C9 /* Products */,
			);
			sourceTree = "<group>";
		};
		166AB4DD263EB8E50010C3C9 /* Products */ = {
			isa = PBXGroup;
			children = (
				166AB4DC263EB8E50010C3C9 /* SwiftUIKiva.app */,
			);
			name = Products;
			sourceTree = "<group>";
		};
		166AB4DE263EB8E50010C3C9 /* SwiftUIKiva */ = {
			isa = PBXGroup;
			children = (
				166AB4DF263EB8E50010C3C9 /* SwiftUIKivaApp.swift */,
				166AB4EE263EB9200010C3C9 /* Models */,
				166AB4EF263EB92C0010C3C9 /* Views */,
				166AB4E3263EB8E80010C3C9 /* Assets.xcassets */,
				166AB4E8263EB8E80010C3C9 /* Info.plist */,
				166AB4E5263EB8E80010C3C9 /* Preview Content */,
			);
			path = SwiftUIKiva;
			sourceTree = "<group>";
		};
		166AB4E5263EB8E80010C3C9 /* Preview Content */ = {
			isa = PBXGroup;
			children = (
				166AB4E6263EB8E80010C3C9 /* Preview Assets.xcassets */,
			);
			path = "Preview Content";
			sourceTree = "<group>";
		};
		166AB4EE263EB9200010C3C9 /* Models */ = {
			isa = PBXGroup;
			children = (
				166AB4F0263EB9550010C3C9 /* Loan.swift */,
				166AB4F2263EBB170010C3C9 /* LoanStore.swift */,
			);
			path = Models;
			sourceTree = "<group>";
		};
		166AB4EF263EB92C0010C3C9 /* Views */ = {
			isa = PBXGroup;
			children = (
				166AB4E1263EB8E50010C3C9 /* LoanList.swift */,
				1611DFB2263ECC41006B49D4 /* LoanCell.swift */,
				1611DFB4263ECF02006B49D4 /* LoanFilter.swift */,
			);
			path = Views;
			sourceTree = "<group>";
		};
/* End PBXGroup section */

/* Begin PBXNativeTarget section */
		166AB4DB263EB8E50010C3C9 /* SwiftUIKiva */ = {
			isa = PBXNativeTarget;
			buildConfigurationList = 166AB4EB263EB8E80010C3C9 /* Build configuration list for PBXNativeTarget "SwiftUIKiva" */;
			buildPhases = (
				166AB4D8263EB8E50010C3C9 /* Sources */,
				166AB4D9263EB8E50010C3C9 /* Frameworks */,
				166AB4DA263EB8E50010C3C9 /* Resources */,
			);
			buildRules = (
			);
			dependencies = (
			);
			name = SwiftUIKiva;
			productName = SwiftUIKiva;
			productReference = 166AB4DC263EB8E50010C3C9 /* SwiftUIKiva.app */;
			productType = "com.apple.product-type.application";
		};
/* End PBXNativeTarget section */

/* Begin PBXProject section */
		166AB4D4263EB8E50010C3C9 /* Project object */ = {
			isa = PBXProject;
			attributes = {
				LastSwiftUpdateCheck = 1250;
				LastUpgradeCheck = 1250;
				TargetAttributes = {
					166AB4DB263EB8E50010C3C9 = {
						CreatedOnToolsVersion = 12.5;
					};
				};
			};
			buildConfigurationList = 166AB4D7263EB8E50010C3C9 /* Build configuration list for PBXProject "SwiftUIKiva" */;
			compatibilityVersion = "Xcode 9.3";
			developmentRegion = en;
			hasScannedForEncodings = 0;
			knownRegions = (
				en,
				Base,
			);
			mainGroup = 166AB4D3263EB8E50010C3C9;
			productRefGroup = 166AB4DD263EB8E50010C3C9 /* Products */;
			projectDirPath = "";
			projectRoot = "";
			targets = (
				166AB4DB263EB8E50010C3C9 /* SwiftUIKiva */,
			);
		};
/* End PBXProject section */

/* Begin PBXResourcesBuildPhase section */
		166AB4DA263EB8E50010C3C9 /* Resources */ = {
			isa = PBXResourcesBuildPhase;
			buildActionMask = 2147483647;
			files = (
				166AB4E7263EB8E80010C3C9 /* Preview Assets.xcassets in Resources */,
				166AB4E4263EB8E80010C3C9 /* Assets.xcassets in Resources */,
			);
			runOnlyForDeploymentPostprocessing = 0;
		};
/* End PBXResourcesBuildPhase section */

/* Begin PBXSourcesBuildPhase section */
		166AB4D8263EB8E50010C3C9 /* Sources */ = {
			isa = PBXSourcesBuildPhase;
			buildActionMask = 2147483647;
			files = (
				1611DFB3263ECC41006B49D4 /* LoanCell.swift in Sources */,
				166AB4E2263EB8E50010C3C9 /* LoanList.swift in Sources */,
				166AB4F3263EBB170010C3C9 /* LoanStore.swift in Sources */,
				166AB4F1263EB9550010C3C9 /* Loan.swift in Sources */,
				166AB4E0263EB8E50010C3C9 /* SwiftUIKivaApp.swift in Sources */,
				1611DFB5263ECF02006B49D4 /* LoanFilter.swift in Sources */,
			);
			runOnlyForDeploymentPostprocessing = 0;
		};
/* End PBXSourcesBuildPhase section */

/* Begin XCBuildConfiguration section */
		166AB4E9263EB8E80010C3C9 /* Debug */ = {
			isa = XCBuildConfiguration;
			buildSettings = {
				ALWAYS_SEARCH_USER_PATHS = NO;
				CLANG_ANALYZER_NONNULL = YES;
				CLANG_ANALYZER_NUMBER_OBJECT_CONVERSION = YES_AGGRESSIVE;
				CLANG_CXX_LANGUAGE_STANDARD = "gnu++14";
				CLANG_CXX_LIBRARY = "libc++";
				CLANG_ENABLE_MODULES = YES;
				CLANG_ENABLE_OBJC_ARC = YES;
				CLANG_ENABLE_OBJC_WEAK = YES;
				CLANG_WARN_BLOCK_CAPTURE_AUTORELEASING = YES;
				CLANG_WARN_BOOL_CONVERSION = YES;
				CLANG_WARN_COMMA = YES;
				CLANG_WARN_CONSTANT_CONVERSION = YES;
				CLANG_WARN_DEPRECATED_OBJC_IMPLEMENTATIONS = YES;
				CLANG_WARN_DIRECT_OBJC_ISA_USAGE = YES_ERROR;
				CLANG_WARN_DOCUMENTATION_COMMENTS = YES;
				CLANG_WARN_EMPTY_BODY = YES;
				CLANG_WARN_ENUM_CONVERSION = YES;
				CLANG_WARN_INFINITE_RECURSION = YES;
				CLANG_WARN_INT_CONVERSION = YES;
				CLANG_WARN_NON_LITERAL_NULL_CONVERSION = YES;
				CLANG_WARN_OBJC_IMPLICIT_RETAIN_SELF = YES;
				CLANG_WARN_OBJC_LITERAL_CONVERSION = YES;
				CLANG_WARN_OBJC_ROOT_CLASS = YES_ERROR;
				CLANG_WARN_QUOTED_INCLUDE_IN_FRAMEWORK_HEADER = YES;
				CLANG_WARN_RANGE_LOOP_ANALYSIS = YES;
				CLANG_WARN_STRICT_PROTOTYPES = YES;
				CLANG_WARN_SUSPICIOUS_MOVE = YES;
				CLANG_WARN_UNGUARDED_AVAILABILITY = YES_AGGRESSIVE;
				CLANG_WARN_UNREACHABLE_CODE = YES;
				CLANG_WARN__DUPLICATE_METHOD_MATCH = YES;
				COPY_PHASE_STRIP = NO;
				DEBUG_INFORMATION_FORMAT = dwarf;
				ENABLE_STRICT_OBJC_MSGSEND = YES;
				ENABLE_TESTABILITY = YES;
				GCC_C_LANGUAGE_STANDARD = gnu11;
				GCC_DYNAMIC_NO_PIC = NO;
				GCC_NO_COMMON_BLOCKS = YES;
				GCC_OPTIMIZATION_LEVEL = 0;
				GCC_PREPROCESSOR_DEFINITIONS = (
					"DEBUG=1",
					"$(inherited)",
				);
				GCC_WARN_64_TO_32_BIT_CONVERSION = YES;
				GCC_WARN_ABOUT_RETURN_TYPE = YES_ERROR;
				GCC_WARN_UNDECLARED_SELECTOR = YES;
				GCC_WARN_UNINITIALIZED_AUTOS = YES_AGGRESSIVE;
				GCC_WARN_UNUSED_FUNCTION = YES;
				GCC_WARN_UNUSED_VARIABLE = YES;
				IPHONEOS_DEPLOYMENT_TARGET = 14.5;
				MTL_ENABLE_DEBUG_INFO = INCLUDE_SOURCE;
				MTL_FAST_MATH = YES;
				ONLY_ACTIVE_ARCH = YES;
				SDKROOT = iphoneos;
				SWIFT_ACTIVE_COMPILATION_CONDITIONS = DEBUG;
				SWIFT_OPTIMIZATION_LEVEL = "-Onone";
			};
			name = Debug;
		};
		166AB4EA263EB8E80010C3C9 /* Release */ = {
			isa = XCBuildConfiguration;
			buildSettings = {
				ALWAYS_SEARCH_USER_PATHS = NO;
				CLANG_ANALYZER_NONNULL = YES;
				CLANG_ANALYZER_NUMBER_OBJECT_CONVERSION = YES_AGGRESSIVE;
				CLANG_CXX_LANGUAGE_STANDARD = "gnu++14";
				CLANG_CXX_LIBRARY = "libc++";
				CLANG_ENABLE_MODULES = YES;
				CLANG_ENABLE_OBJC_ARC = YES;
				CLANG_ENABLE_OBJC_WEAK = YES;
				CLANG_WARN_BLOCK_CAPTURE_AUTORELEASING = YES;
				CLANG_WARN_BOOL_CONVERSION = YES;
				CLANG_WARN_COMMA = YES;
				CLANG_WARN_CONSTANT_CONVERSION = YES;
				CLANG_WARN_DEPRECATED_OBJC_IMPLEMENTATIONS = YES;
				CLANG_WARN_DIRECT_OBJC_ISA_USAGE = YES_ERROR;
				CLANG_WARN_DOCUMENTATION_COMMENTS = YES;
				CLANG_WARN_EMPTY_BODY = YES;
				CLANG_WARN_ENUM_CONVERSION = YES;
				CLANG_WARN_INFINITE_RECURSION = YES;
				CLANG_WARN_INT_CONVERSION = YES;
				CLANG_WARN_NON_LITERAL_NULL_CONVERSION = YES;
				CLANG_WARN_OBJC_IMPLICIT_RETAIN_SELF = YES;
				CLANG_WARN_OBJC_LITERAL_CONVERSION = YES;
				CLANG_WARN_OBJC_ROOT_CLASS = YES_ERROR;
				CLANG_WARN_QUOTED_INCLUDE_IN_FRAMEWORK_HEADER = YES;
				CLANG_WARN_RANGE_LOOP_ANALYSIS = YES;
				CLANG_WARN_STRICT_PROTOTYPES = YES;
				CLANG_WARN_SUSPICIOUS_MOVE = YES;
				CLANG_WARN_UNGUARDED_AVAILABILITY = YES_AGGRESSIVE;
				CLANG_WARN_UNREACHABLE_CODE = YES;
				CLANG_WARN__DUPLICATE_METHOD_MATCH = YES;
				COPY_PHASE_STRIP = NO;
				DEBUG_INFORMATION_FORMAT = "dwarf-with-dsym";
				ENABLE_NS_ASSERTIONS = NO;
				ENABLE_STRICT_OBJC_MSGSEND = YES;
				GCC_C_LANGUAGE_STANDARD = gnu11;
				GCC_NO_COMMON_BLOCKS = YES;
				GCC_WARN_64_TO_32_BIT_CONVERSION = YES;
				GCC_WARN_ABOUT_RETURN_TYPE = YES_ERROR;
				GCC_WARN_UNDECLARED_SELECTOR = YES;
				GCC_WARN_UNINITIALIZED_AUTOS = YES_AGGRESSIVE;
				GCC_WARN_UNUSED_FUNCTION = YES;
				GCC_WARN_UNUSED_VARIABLE = YES;
				IPHONEOS_DEPLOYMENT_TARGET = 14.5;
				MTL_ENABLE_DEBUG_INFO = NO;
				MTL_FAST_MATH = YES;
				SDKROOT = iphoneos;
				SWIFT_COMPILATION_MODE = wholemodule;
				SWIFT_OPTIMIZATION_LEVEL = "-O";
				VALIDATE_PRODUCT = YES;
			};
			name = Release;
		};
		166AB4EC263EB8E80010C3C9 /* Debug */ = {
			isa = XCBuildConfiguration;
			buildSettings = {
				ASSETCATALOG_COMPILER_APPICON_NAME = AppIcon;
				ASSETCATALOG_COMPILER_GLOBAL_ACCENT_COLOR_NAME = AccentColor;
				CODE_SIGN_STYLE = Automatic;
				DEVELOPMENT_ASSET_PATHS = "\"SwiftUIKiva/Preview Content\"";
				DEVELOPMENT_TEAM = 6U792A794H;
				ENABLE_PREVIEWS = YES;
				INFOPLIST_FILE = SwiftUIKiva/Info.plist;
				IPHONEOS_DEPLOYMENT_TARGET = 14.0;
				LD_RUNPATH_SEARCH_PATHS = (
					"$(inherited)",
					"@executable_path/Frameworks",
				);
				PRODUCT_BUNDLE_IDENTIFIER = com.xho95.SwiftUIKiva;
				PRODUCT_NAME = "$(TARGET_NAME)";
				SWIFT_VERSION = 5.0;
				TARGETED_DEVICE_FAMILY = "1,2";
			};
			name = Debug;
		};
		166AB4ED263EB8E80010C3C9 /* Release */ = {
			isa = XCBuildConfiguration;
			buildSettings = {
				ASSETCATALOG_COMPILER_APPICON_NAME = AppIcon;
				ASSETCATALOG_COMPILER_GLOBAL_ACCENT_COLOR_NAME = AccentColor;
				CODE_SIGN_STYLE = Automatic;
				DEVELOPMENT_ASSET_PATHS = "\"SwiftUIKiva/Preview Content\"";
				DEVELOPMENT_TEAM = 6U792A794H;
				ENABLE_PREVIEWS = YES;
				INFOPLIST_FILE = SwiftUIKiva/Info.plist;
				IPHONEOS_DEPLOYMENT_TARGET = 14.0;
				LD_RUNPATH_SEARCH_PATHS = (
					"$(inherited)",
					"@executable_path/Frameworks",
				);
				PRODUCT_BUNDLE_IDENTIFIER = com.xho95.SwiftUIKiva;
				PRODUCT_NAME = "$(TARGET_NAME)";
				SWIFT_VERSION = 5.0;
				TARGETED_DEVICE_FAMILY = "1,2";
			};
			name = Release;
		};
/* End XCBuildConfiguration section */

/* Begin XCConfigurationList section */
		166AB4D7263EB8E50010C3C9 /* Build configuration list for PBXProject "SwiftUIKiva" */ = {
			isa = XCConfigurationList;
			buildConfigurations = (
				166AB4E9263EB8E80010C3C9 /* Debug */,
				166AB4EA263EB8E80010C3C9 /* Release */,
			);
			defaultConfigurationIsVisible = 0;
			defaultConfigurationName = Release;
		};
		166AB4EB263EB8E80010C3C9 /* Build configuration list for PBXNativeTarget "SwiftUIKiva" */ = {
			isa = XCConfigurationList;
			buildConfigurations = (
				166AB4EC263EB8E80010C3C9 /* Debug */,
				166AB4ED263EB8E80010C3C9 /* Release */,
			);
			defaultConfigurationIsVisible = 0;
			defaultConfigurationName = Release;
		};
/* End XCConfigurationList section */
	};
	rootObject = 166AB4D4263EB8E50010C3C9 /* Project object */;
}
