// !$*UTF8*$!
{
	archiveVersion = 1;
	classes = {
	};
	objectVersion = 50;
	objects = {

/* Begin PBXBuildFile section */
		166E0D2826317BA900E35C4E /* SwiftUIShapeApp.swift in Sources */ = {isa = PBXBuildFile; fileRef = 166E0D2726317BA900E35C4E /* SwiftUIShapeApp.swift */; };
		166E0D2A26317BA900E35C4E /* GreenRectangle.swift in Sources */ = {isa = PBXBuildFile; fileRef = 166E0D2926317BA900E35C4E /* GreenRectangle.swift */; };
		166E0D2C26317BAA00E35C4E /* Assets.xcassets in Resources */ = {isa = PBXBuildFile; fileRef = 166E0D2B26317BAA00E35C4E /* Assets.xcassets */; };
		166E0D2F26317BAA00E35C4E /* Preview Assets.xcassets in Resources */ = {isa = PBXBuildFile; fileRef = 166E0D2E26317BAA00E35C4E /* Preview Assets.xcassets */; };
		166E0D3926317D6000E35C4E /* PurpleDome.swift in Sources */ = {isa = PBXBuildFile; fileRef = 166E0D3826317D6000E35C4E /* PurpleDome.swift */; };
		166E0D3D26317F9B00E35C4E /* ArcAndPie.swift in Sources */ = {isa = PBXBuildFile; fileRef = 166E0D3C26317F9B00E35C4E /* ArcAndPie.swift */; };
/* End PBXBuildFile section */

/* Begin PBXFileReference section */
		166E0D2426317BA900E35C4E /* SwiftUIShape.app */ = {isa = PBXFileReference; explicitFileType = wrapper.application; includeInIndex = 0; path = SwiftUIShape.app; sourceTree = BUILT_PRODUCTS_DIR; };
		166E0D2726317BA900E35C4E /* SwiftUIShapeApp.swift */ = {isa = PBXFileReference; lastKnownFileType = sourcecode.swift; path = SwiftUIShapeApp.swift; sourceTree = "<group>"; };
		166E0D2926317BA900E35C4E /* GreenRectangle.swift */ = {isa = PBXFileReference; lastKnownFileType = sourcecode.swift; path = GreenRectangle.swift; sourceTree = "<group>"; };
		166E0D2B26317BAA00E35C4E /* Assets.xcassets */ = {isa = PBXFileReference; lastKnownFileType = folder.assetcatalog; path = Assets.xcassets; sourceTree = "<group>"; };
		166E0D2E26317BAA00E35C4E /* Preview Assets.xcassets */ = {isa = PBXFileReference; lastKnownFileType = folder.assetcatalog; path = "Preview Assets.xcassets"; sourceTree = "<group>"; };
		166E0D3026317BAA00E35C4E /* Info.plist */ = {isa = PBXFileReference; lastKnownFileType = text.plist.xml; path = Info.plist; sourceTree = "<group>"; };
		166E0D3826317D6000E35C4E /* PurpleDome.swift */ = {isa = PBXFileReference; lastKnownFileType = sourcecode.swift; path = PurpleDome.swift; sourceTree = "<group>"; };
		166E0D3C26317F9B00E35C4E /* ArcAndPie.swift */ = {isa = PBXFileReference; lastKnownFileType = sourcecode.swift; path = ArcAndPie.swift; sourceTree = "<group>"; };
/* End PBXFileReference section */

/* Begin PBXFrameworksBuildPhase section */
		166E0D2126317BA900E35C4E /* Frameworks */ = {
			isa = PBXFrameworksBuildPhase;
			buildActionMask = 2147483647;
			files = (
			);
			runOnlyForDeploymentPostprocessing = 0;
		};
/* End PBXFrameworksBuildPhase section */

/* Begin PBXGroup section */
		166E0D1B26317BA900E35C4E = {
			isa = PBXGroup;
			children = (
				166E0D2626317BA900E35C4E /* SwiftUIShape */,
				166E0D2526317BA900E35C4E /* Products */,
			);
			sourceTree = "<group>";
		};
		166E0D2526317BA900E35C4E /* Products */ = {
			isa = PBXGroup;
			children = (
				166E0D2426317BA900E35C4E /* SwiftUIShape.app */,
			);
			name = Products;
			sourceTree = "<group>";
		};
		166E0D2626317BA900E35C4E /* SwiftUIShape */ = {
			isa = PBXGroup;
			children = (
				166E0D2726317BA900E35C4E /* SwiftUIShapeApp.swift */,
				166E0D2926317BA900E35C4E /* GreenRectangle.swift */,
				166E0D3826317D6000E35C4E /* PurpleDome.swift */,
				166E0D3C26317F9B00E35C4E /* ArcAndPie.swift */,
				166E0D2B26317BAA00E35C4E /* Assets.xcassets */,
				166E0D3026317BAA00E35C4E /* Info.plist */,
				166E0D2D26317BAA00E35C4E /* Preview Content */,
			);
			path = SwiftUIShape;
			sourceTree = "<group>";
		};
		166E0D2D26317BAA00E35C4E /* Preview Content */ = {
			isa = PBXGroup;
			children = (
				166E0D2E26317BAA00E35C4E /* Preview Assets.xcassets */,
			);
			path = "Preview Content";
			sourceTree = "<group>";
		};
/* End PBXGroup section */

/* Begin PBXNativeTarget section */
		166E0D2326317BA900E35C4E /* SwiftUIShape */ = {
			isa = PBXNativeTarget;
			buildConfigurationList = 166E0D3326317BAA00E35C4E /* Build configuration list for PBXNativeTarget "SwiftUIShape" */;
			buildPhases = (
				166E0D2026317BA900E35C4E /* Sources */,
				166E0D2126317BA900E35C4E /* Frameworks */,
				166E0D2226317BA900E35C4E /* Resources */,
			);
			buildRules = (
			);
			dependencies = (
			);
			name = SwiftUIShape;
			productName = SwiftUIShape;
			productReference = 166E0D2426317BA900E35C4E /* SwiftUIShape.app */;
			productType = "com.apple.product-type.application";
		};
/* End PBXNativeTarget section */

/* Begin PBXProject section */
		166E0D1C26317BA900E35C4E /* Project object */ = {
			isa = PBXProject;
			attributes = {
				LastSwiftUpdateCheck = 1240;
				LastUpgradeCheck = 1240;
				TargetAttributes = {
					166E0D2326317BA900E35C4E = {
						CreatedOnToolsVersion = 12.4;
					};
				};
			};
			buildConfigurationList = 166E0D1F26317BA900E35C4E /* Build configuration list for PBXProject "SwiftUIShape" */;
			compatibilityVersion = "Xcode 9.3";
			developmentRegion = en;
			hasScannedForEncodings = 0;
			knownRegions = (
				en,
				Base,
			);
			mainGroup = 166E0D1B26317BA900E35C4E;
			productRefGroup = 166E0D2526317BA900E35C4E /* Products */;
			projectDirPath = "";
			projectRoot = "";
			targets = (
				166E0D2326317BA900E35C4E /* SwiftUIShape */,
			);
		};
/* End PBXProject section */

/* Begin PBXResourcesBuildPhase section */
		166E0D2226317BA900E35C4E /* Resources */ = {
			isa = PBXResourcesBuildPhase;
			buildActionMask = 2147483647;
			files = (
				166E0D2F26317BAA00E35C4E /* Preview Assets.xcassets in Resources */,
				166E0D2C26317BAA00E35C4E /* Assets.xcassets in Resources */,
			);
			runOnlyForDeploymentPostprocessing = 0;
		};
/* End PBXResourcesBuildPhase section */

/* Begin PBXSourcesBuildPhase section */
		166E0D2026317BA900E35C4E /* Sources */ = {
			isa = PBXSourcesBuildPhase;
			buildActionMask = 2147483647;
			files = (
				166E0D2A26317BA900E35C4E /* GreenRectangle.swift in Sources */,
				166E0D3D26317F9B00E35C4E /* ArcAndPie.swift in Sources */,
				166E0D2826317BA900E35C4E /* SwiftUIShapeApp.swift in Sources */,
				166E0D3926317D6000E35C4E /* PurpleDome.swift in Sources */,
			);
			runOnlyForDeploymentPostprocessing = 0;
		};
/* End PBXSourcesBuildPhase section */

/* Begin XCBuildConfiguration section */
		166E0D3126317BAA00E35C4E /* Debug */ = {
			isa = XCBuildConfiguration;
			buildSettings = {
				ALWAYS_SEARCH_USER_PATHS = NO;
				CLANG_ANALYZER_NONNULL = YES;
				CLANG_ANALYZER_NUMBER_OBJECT_CONVERSION = YES_AGGRESSIVE;
				CLANG_CXX_LANGUAGE_STANDARD = "gnu++14";
				CLANG_CXX_LIBRARY = "libc++";
				CLANG_ENABLE_MODULES = YES;
				CLANG_ENABLE_OBJC_ARC = YES;
				CLANG_ENABLE_OBJC_WEAK = YES;
				CLANG_WARN_BLOCK_CAPTURE_AUTORELEASING = YES;
				CLANG_WARN_BOOL_CONVERSION = YES;
				CLANG_WARN_COMMA = YES;
				CLANG_WARN_CONSTANT_CONVERSION = YES;
				CLANG_WARN_DEPRECATED_OBJC_IMPLEMENTATIONS = YES;
				CLANG_WARN_DIRECT_OBJC_ISA_USAGE = YES_ERROR;
				CLANG_WARN_DOCUMENTATION_COMMENTS = YES;
				CLANG_WARN_EMPTY_BODY = YES;
				CLANG_WARN_ENUM_CONVERSION = YES;
				CLANG_WARN_INFINITE_RECURSION = YES;
				CLANG_WARN_INT_CONVERSION = YES;
				CLANG_WARN_NON_LITERAL_NULL_CONVERSION = YES;
				CLANG_WARN_OBJC_IMPLICIT_RETAIN_SELF = YES;
				CLANG_WARN_OBJC_LITERAL_CONVERSION = YES;
				CLANG_WARN_OBJC_ROOT_CLASS = YES_ERROR;
				CLANG_WARN_QUOTED_INCLUDE_IN_FRAMEWORK_HEADER = YES;
				CLANG_WARN_RANGE_LOOP_ANALYSIS = YES;
				CLANG_WARN_STRICT_PROTOTYPES = YES;
				CLANG_WARN_SUSPICIOUS_MOVE = YES;
				CLANG_WARN_UNGUARDED_AVAILABILITY = YES_AGGRESSIVE;
				CLANG_WARN_UNREACHABLE_CODE = YES;
				CLANG_WARN__DUPLICATE_METHOD_MATCH = YES;
				COPY_PHASE_STRIP = NO;
				DEBUG_INFORMATION_FORMAT = dwarf;
				ENABLE_STRICT_OBJC_MSGSEND = YES;
				ENABLE_TESTABILITY = YES;
				GCC_C_LANGUAGE_STANDARD = gnu11;
				GCC_DYNAMIC_NO_PIC = NO;
				GCC_NO_COMMON_BLOCKS = YES;
				GCC_OPTIMIZATION_LEVEL = 0;
				GCC_PREPROCESSOR_DEFINITIONS = (
					"DEBUG=1",
					"$(inherited)",
				);
				GCC_WARN_64_TO_32_BIT_CONVERSION = YES;
				GCC_WARN_ABOUT_RETURN_TYPE = YES_ERROR;
				GCC_WARN_UNDECLARED_SELECTOR = YES;
				GCC_WARN_UNINITIALIZED_AUTOS = YES_AGGRESSIVE;
				GCC_WARN_UNUSED_FUNCTION = YES;
				GCC_WARN_UNUSED_VARIABLE = YES;
				IPHONEOS_DEPLOYMENT_TARGET = 14.4;
				MTL_ENABLE_DEBUG_INFO = INCLUDE_SOURCE;
				MTL_FAST_MATH = YES;
				ONLY_ACTIVE_ARCH = YES;
				SDKROOT = iphoneos;
				SWIFT_ACTIVE_COMPILATION_CONDITIONS = DEBUG;
				SWIFT_OPTIMIZATION_LEVEL = "-Onone";
			};
			name = Debug;
		};
		166E0D3226317BAA00E35C4E /* Release */ = {
			isa = XCBuildConfiguration;
			buildSettings = {
				ALWAYS_SEARCH_USER_PATHS = NO;
				CLANG_ANALYZER_NONNULL = YES;
				CLANG_ANALYZER_NUMBER_OBJECT_CONVERSION = YES_AGGRESSIVE;
				CLANG_CXX_LANGUAGE_STANDARD = "gnu++14";
				CLANG_CXX_LIBRARY = "libc++";
				CLANG_ENABLE_MODULES = YES;
				CLANG_ENABLE_OBJC_ARC = YES;
				CLANG_ENABLE_OBJC_WEAK = YES;
				CLANG_WARN_BLOCK_CAPTURE_AUTORELEASING = YES;
				CLANG_WARN_BOOL_CONVERSION = YES;
				CLANG_WARN_COMMA = YES;
				CLANG_WARN_CONSTANT_CONVERSION = YES;
				CLANG_WARN_DEPRECATED_OBJC_IMPLEMENTATIONS = YES;
				CLANG_WARN_DIRECT_OBJC_ISA_USAGE = YES_ERROR;
				CLANG_WARN_DOCUMENTATION_COMMENTS = YES;
				CLANG_WARN_EMPTY_BODY = YES;
				CLANG_WARN_ENUM_CONVERSION = YES;
				CLANG_WARN_INFINITE_RECURSION = YES;
				CLANG_WARN_INT_CONVERSION = YES;
				CLANG_WARN_NON_LITERAL_NULL_CONVERSION = YES;
				CLANG_WARN_OBJC_IMPLICIT_RETAIN_SELF = YES;
				CLANG_WARN_OBJC_LITERAL_CONVERSION = YES;
				CLANG_WARN_OBJC_ROOT_CLASS = YES_ERROR;
				CLANG_WARN_QUOTED_INCLUDE_IN_FRAMEWORK_HEADER = YES;
				CLANG_WARN_RANGE_LOOP_ANALYSIS = YES;
				CLANG_WARN_STRICT_PROTOTYPES = YES;
				CLANG_WARN_SUSPICIOUS_MOVE = YES;
				CLANG_WARN_UNGUARDED_AVAILABILITY = YES_AGGRESSIVE;
				CLANG_WARN_UNREACHABLE_CODE = YES;
				CLANG_WARN__DUPLICATE_METHOD_MATCH = YES;
				COPY_PHASE_STRIP = NO;
				DEBUG_INFORMATION_FORMAT = "dwarf-with-dsym";
				ENABLE_NS_ASSERTIONS = NO;
				ENABLE_STRICT_OBJC_MSGSEND = YES;
				GCC_C_LANGUAGE_STANDARD = gnu11;
				GCC_NO_COMMON_BLOCKS = YES;
				GCC_WARN_64_TO_32_BIT_CONVERSION = YES;
				GCC_WARN_ABOUT_RETURN_TYPE = YES_ERROR;
				GCC_WARN_UNDECLARED_SELECTOR = YES;
				GCC_WARN_UNINITIALIZED_AUTOS = YES_AGGRESSIVE;
				GCC_WARN_UNUSED_FUNCTION = YES;
				GCC_WARN_UNUSED_VARIABLE = YES;
				IPHONEOS_DEPLOYMENT_TARGET = 14.4;
				MTL_ENABLE_DEBUG_INFO = NO;
				MTL_FAST_MATH = YES;
				SDKROOT = iphoneos;
				SWIFT_COMPILATION_MODE = wholemodule;
				SWIFT_OPTIMIZATION_LEVEL = "-O";
				VALIDATE_PRODUCT = YES;
			};
			name = Release;
		};
		166E0D3426317BAA00E35C4E /* Debug */ = {
			isa = XCBuildConfiguration;
			buildSettings = {
				ASSETCATALOG_COMPILER_APPICON_NAME = AppIcon;
				ASSETCATALOG_COMPILER_GLOBAL_ACCENT_COLOR_NAME = AccentColor;
				CODE_SIGN_STYLE = Automatic;
				DEVELOPMENT_ASSET_PATHS = "\"SwiftUIShape/Preview Content\"";
				DEVELOPMENT_TEAM = 6U792A794H;
				ENABLE_PREVIEWS = YES;
				INFOPLIST_FILE = SwiftUIShape/Info.plist;
				IPHONEOS_DEPLOYMENT_TARGET = 14.0;
				LD_RUNPATH_SEARCH_PATHS = (
					"$(inherited)",
					"@executable_path/Frameworks",
				);
				PRODUCT_BUNDLE_IDENTIFIER = com.xho95.SwiftUIShape;
				PRODUCT_NAME = "$(TARGET_NAME)";
				SWIFT_VERSION = 5.0;
				TARGETED_DEVICE_FAMILY = "1,2";
			};
			name = Debug;
		};
		166E0D3526317BAA00E35C4E /* Release */ = {
			isa = XCBuildConfiguration;
			buildSettings = {
				ASSETCATALOG_COMPILER_APPICON_NAME = AppIcon;
				ASSETCATALOG_COMPILER_GLOBAL_ACCENT_COLOR_NAME = AccentColor;
				CODE_SIGN_STYLE = Automatic;
				DEVELOPMENT_ASSET_PATHS = "\"SwiftUIShape/Preview Content\"";
				DEVELOPMENT_TEAM = 6U792A794H;
				ENABLE_PREVIEWS = YES;
				INFOPLIST_FILE = SwiftUIShape/Info.plist;
				IPHONEOS_DEPLOYMENT_TARGET = 14.0;
				LD_RUNPATH_SEARCH_PATHS = (
					"$(inherited)",
					"@executable_path/Frameworks",
				);
				PRODUCT_BUNDLE_IDENTIFIER = com.xho95.SwiftUIShape;
				PRODUCT_NAME = "$(TARGET_NAME)";
				SWIFT_VERSION = 5.0;
				TARGETED_DEVICE_FAMILY = "1,2";
			};
			name = Release;
		};
/* End XCBuildConfiguration section */

/* Begin XCConfigurationList section */
		166E0D1F26317BA900E35C4E /* Build configuration list for PBXProject "SwiftUIShape" */ = {
			isa = XCConfigurationList;
			buildConfigurations = (
				166E0D3126317BAA00E35C4E /* Debug */,
				166E0D3226317BAA00E35C4E /* Release */,
			);
			defaultConfigurationIsVisible = 0;
			defaultConfigurationName = Release;
		};
		166E0D3326317BAA00E35C4E /* Build configuration list for PBXNativeTarget "SwiftUIShape" */ = {
			isa = XCConfigurationList;
			buildConfigurations = (
				166E0D3426317BAA00E35C4E /* Debug */,
				166E0D3526317BAA00E35C4E /* Release */,
			);
			defaultConfigurationIsVisible = 0;
			defaultConfigurationName = Release;
		};
/* End XCConfigurationList section */
	};
	rootObject = 166E0D1C26317BA900E35C4E /* Project object */;
}
